Microsoft Visual Studio Solution File, Format Version 12.00
# Visual Studio Version 17
VisualStudioVersion = 17.5.2.0
MinimumVisualStudioVersion = 10.0.40219.1
Project("{FAE04EC0-301F-11D3-BF4B-00C04F79EFBC}") = "AnalystWorkbench", "AnalystWorkbench\AnalystWorkbench.csproj", "{59BDB4FD-4DBB-1EB3-623D-5430ED8B71C5}"
EndProject
Global
	GlobalSection(SolutionConfigurationPlatforms) = preSolution
		Debug|Any CPU = Debug|Any CPU
		Release|Any CPU = Release|Any CPU
	EndGlobalSection
	GlobalSection(ProjectConfigurationPlatforms) = postSolution
		{59BDB4FD-4DBB-1EB3-623D-5430ED8B71C5}.Debug|Any CPU.ActiveCfg = Debug|Any CPU
		{59BDB4FD-4DBB-1EB3-623D-5430ED8B71C5}.Debug|Any CPU.Build.0 = Debug|Any CPU
		{59BDB4FD-4DBB-1EB3-623D-5430ED8B71C5}.Release|Any CPU.ActiveCfg = Release|Any CPU
		{59BDB4FD-4DBB-1EB3-623D-5430ED8B71C5}.Release|Any CPU.Build.0 = Release|Any CPU
	EndGlobalSection
	GlobalSection(SolutionProperties) = preSolution
		HideSolutionNode = FALSE
	EndGlobalSection
	GlobalSection(ExtensibilityGlobals) = postSolution
		SolutionGuid = {CAA8324D-BDD8-4F6E-8793-6E7B2D99E841}
	EndGlobalSection
EndGlobal
